{
  "version": 1,
  "sources": [
    {
      "local_skill": "upstream-kdense-literature-review",
      "repository": "https://github.com/K-Dense-AI/scientific-agent-skills",
      "commit": "3f825caafe149b7853ec8c4d1dd7f4553ea6b2a5",
      "source_path": "skills/literature-review",
      "license": "MIT",
      "retrieved_at": "2026-07-20",
      "reuse_mode": "pt_bridge_with_preserved_snapshot",
      "tree_hash": "271a92894f92edea7c94368dc554d727e05127b8b31586c101e334c4d6cb130e",
      "file_hashes": {
        "SKILL.md": "bd2db633e1565f4a25af55ff78cff668b791685b93f1558166320701ff564980",
        "assets/review_template.md": "e9db0f8e00f894fc55c474ca0355a86fd72eb9bb5456e1253e740d3c06e74208",
        "references/citation_styles.md": "a62f97c9f1c50da0627033187da5632f9fec00679fc5e8c0e97b217210c0c79b",
        "references/database_strategies.md": "199c3b8e08c4df550ef71bf30667cfd70ca76f32e8c7121d35082b622494b660",
        "scripts/generate_pdf.py": "dd561948e30101cda0955762a38f463b4ac588b13082b5717b938c3c1d772da3",
        "scripts/generate_schematic.py": "a426ae30ed9185f250245f35c868e6f8aae6096e94a4b8392283dc05f089c041",
        "scripts/generate_schematic_ai.py": "0e1708bc163eab7e4440ae7d9d61ed1cd123bdc401499d46cb3df30f1b9f349c",
        "scripts/search_databases.py": "4b572895633b765a0f0214ec455149dd6282c657f5659793213687003f3fa630",
        "scripts/verify_citations.py": "ab492d2670865cd3a632024121c7449bb7138dc1ca565fbd0c0e697635104d55"
      }
    },
    {
      "local_skill": "upstream-deerflow-systematic-literature-review",
      "repository": "https://github.com/bytedance/deer-flow",
      "commit": "0cd55067f39823e7f0950498b5197a8195512481",
      "source_path": "skills/public/systematic-literature-review",
      "license": "MIT",
      "retrieved_at": "2026-07-20",
      "reuse_mode": "pt_bridge_with_preserved_snapshot",
      "tree_hash": "9d5b356c0d6d48a12e9044f7f1dabe9d7bce342ab0eaeee113efc9f61e98f079",
      "file_hashes": {
        "SKILL.md": "9fe4891e86b29d0f0f192bddab4ff913b123ffd764a2af737a4d6bb334209b6a",
        "evals/evals.json": "c2f0ac1f53f6599567034c81fad7b358c512b44595c65791268feda4d9eb61e9",
        "evals/trigger_eval_set.json": "b04f49c4bc252d1465b4577310874927a1e449e7f4c346805ea8a80f17029597",
        "scripts/arxiv_search.py": "8394239ec2e4be19f3cfe9e430bc02b53b921fc4692d93873656841e64dc1605",
        "templates/apa.md": "eec7beba46eaa6b9693110e83c90dd5b7a899c693101f1e79930b5a0ccd37c0b",
        "templates/bibtex.md": "1c4d2fafb49231513ecc59f7224f45817000573d07e3fdf1453784c0533c5fe7",
        "templates/ieee.md": "fb07cf49613508fa1bc53de0a6179e3c8647af6c1fe1e047390db8e1562782f2"
      }
    },
    {
      "local_skill": "upstream-deerflow-academic-paper-review",
      "repository": "https://github.com/bytedance/deer-flow",
      "commit": "0cd55067f39823e7f0950498b5197a8195512481",
      "source_path": "skills/public/academic-paper-review",
      "license": "MIT",
      "retrieved_at": "2026-07-20",
      "reuse_mode": "pt_bridge_with_preserved_snapshot",
      "tree_hash": "559ec9c47e26da53b773385793d0135fc42558ec3a4a61b3e28fe205d79914d0",
      "file_hashes": {
        "SKILL.md": "a0285baaeacc916bf45751c06db37745b195ddd4ec30e271ec1472f6cd48e8aa"
      }
    },
    {
      "local_skill": "upstream-cfd-foamagent",
      "repository": "https://github.com/csml-rpi/AI-CFD-Scientist",
      "commit": "b7fa924c834ccfd81c67788b7d6b2e3c9ff13514",
      "source_path": "cfd-skills/cfd-foamagent",
      "license": "MIT (declared in README; no standalone license file)",
      "retrieved_at": "2026-07-20",
      "reuse_mode": "pt_bridge_with_preserved_snapshot",
      "tree_hash": "bdd26ce7711bccbbe2dda3a6ab4deafc7a9f06609062840a6b495f517083b915",
      "file_hashes": {
        "SKILL.md": "017a938e3a8640397d99351510ad5ea7909d0086c567b01806c64ecfa8fde0fb"
      }
    },
    {
      "local_skill": "upstream-cfd-mesh-gate",
      "repository": "https://github.com/csml-rpi/AI-CFD-Scientist",
      "commit": "b7fa924c834ccfd81c67788b7d6b2e3c9ff13514",
      "source_path": "cfd-skills/cfd-mesh-gate",
      "license": "MIT (declared in README; no standalone license file)",
      "retrieved_at": "2026-07-20",
      "reuse_mode": "pt_bridge_with_preserved_snapshot",
      "tree_hash": "f57bca25e9623a044cbc655f4a1ed5cfe8aeae4ab1c4bbbfc201ce7c16fafba7",
      "file_hashes": {
        "SKILL.md": "56e75bfd07865a6eec6b2e075c6e07c1b71c554e37093798e2bf21640119dc01"
      }
    },
    {
      "local_skill": "upstream-cfd-experiment",
      "repository": "https://github.com/csml-rpi/AI-CFD-Scientist",
      "commit": "b7fa924c834ccfd81c67788b7d6b2e3c9ff13514",
      "source_path": "cfd-skills/cfd-experiment",
      "license": "MIT (declared in README; no standalone license file)",
      "retrieved_at": "2026-07-20",
      "reuse_mode": "pt_bridge_with_preserved_snapshot",
      "tree_hash": "44ea5547d9897c7297ad7a1a9b632b7ffa160beda1c570405ebcafef2a5759ef",
      "file_hashes": {
        "SKILL.md": "2eb54d3c36966d0fd00679a3935d042e18c15bd4cfc61439183ec1edeed4cd6a"
      }
    },
    {
      "local_skill": "upstream-cfd-code-modify",
      "repository": "https://github.com/csml-rpi/AI-CFD-Scientist",
      "commit": "b7fa924c834ccfd81c67788b7d6b2e3c9ff13514",
      "source_path": "cfd-skills/cfd-code-modify",
      "license": "MIT (declared in README; no standalone license file)",
      "retrieved_at": "2026-07-20",
      "reuse_mode": "pt_bridge_with_preserved_snapshot",
      "tree_hash": "e59ab55a3c6604153b5f63fbe5c1be14a099eaf2d10838b9d14c64efea4d8980",
      "file_hashes": {
        "SKILL.md": "9130ee636e6b306dfd2df7beee025b5ba8fac1c53a493c22c937b37d49960508"
      }
    },
    {
      "local_skill": "upstream-sim-plugin-openfoam",
      "repository": "https://github.com/svd-ai-lab/sim-plugin-openfoam",
      "commit": "c53b4f362c9b06c985393a777365a9f48fa00710",
      "source_path": "src/sim_plugin_openfoam/_skills/openfoam",
      "license": "Apache-2.0",
      "retrieved_at": "2026-07-20",
      "reuse_mode": "pt_bridge_with_preserved_snapshot",
      "tree_hash": "12798f0211d089bade30e175307638996a51bad2f8f57a31c5d1e275b1f4fbe2",
      "file_hashes": {
        "SKILL.md": "679e92b1aa5c11c7e32f29c2d08608036cc4a81e811681e1e338d946f4b7e7a6",
        "base/docs/parallel_test_results.md": "8aa727857417a5d56531cc80d775e53f5f0a0fb6a6eb8775a82d0f3959880ee9",
        "base/docs/prompt_for_linux_claude.md": "79665cf74532f6c858132a07acf1e9daa7c2ac8d271156e24c6540dc7acded27",
        "base/docs/tutorial_runner_v2.md": "1dec5feb8463b1adcca9acce2013e2196086d7851b20cf3ba546cdf5b614308a",
        "base/docs/tutorial_test_plan.md": "1f9f675a5fa2f9867a020a29ac5c628998c15097460ed1af47ac6a9202a755e6",
        "base/docs/tutorial_test_results.md": "1da745cae8873bc799885612e336990896193de637d8e65843381bb5817a0b61",
        "references/boundary-conditions.md": "b90463b2d8672adfd982f5a63bbad0857d6effb60527a40731dd4e5cbccf91c2",
        "references/case-recipes.md": "9a048de99407f4fe5ee4262b7ca2a8ac0034aa66bf4901d9d58c311b470c24ab",
        "references/case-setup.md": "56208472ce23a1561f56a83864e9cd258209a8e9e867e6ddafef1cc88c2dd30c",
        "references/conjugate-heat-transfer.md": "bb427d66cf4cf585fcdad64429951d95d6c804db3bf209d6afcedaf062359c55",
        "references/error-recovery.md": "55183fb4077b32c598c8f7efd03277317ea1d905a07305a5d9cd4e74f0a8bf41",
        "references/failure_patterns.md": "e1a20a771bc638732607b28ecd71231657b837a40d0bb2ca5755a85e0eef547c",
        "references/field-and-dictionary-matrix.md": "b2f98125818a7b53c06a791b3503dba32f878b82369a0f3b742a66e55cecc74b",
        "references/function-objects.md": "596b8731e94f29af9c0093302081863dd59c4785ba2675f38a4ad3f383cea19f",
        "references/heat-transfer.md": "7c09f7fa36e5177a3faa2e5cbf5fad718dc2c887ee871f83e146f48a250b1f84",
        "references/log-parsing-and-residuals.md": "8aaf4fa98ea40d9414de76c242346e2e1d1feaae170bcd87bfa87c39c3510920",
        "references/mesh-and-blockmesh.md": "ea2dfd79f4fdadf114aabdaedf2024d5cb42addc2a2464a79ad0961cced286bf",
        "references/multiphase-vof.md": "8b68bda7565f157f50386a2abfbfe114a2e44626b02614bea4204acc6ac3b6d5",
        "references/numerics-and-schemes.md": "83e4cf39f1983326f5f942fa5e9ebdda0cc67bfc6a67d2dc705428b645336806",
        "references/parallel-execution.md": "0584f526f65ceb841b328d2600a74264e016f0db68682ed59e0df082eda80386",
        "references/post-processing.md": "9bfc1453abe1aa6ebb1b300fc3941ade5e346f5acec885301a30c664c4ba2c54",
        "references/solver-selection.md": "fc372c446f0606626eec839c85df3f1dbab8b6d03a76d6b8185cb93b6f07459c",
        "references/turbulence-setup.md": "1555395d650395af4916c7430784ce3aed0160122fd94ec9f50a1e2eb733544e",
        "solver/v2206/notes.md": "cc2601bc3d51e082d34e2ceb63022f8be15527ae51dbdfe91bd9d37d7d39215d",
        "solver/v2312/notes.md": "6cfb146f696b964ed4d95938d1cd19abd319faef5e7822b3551e7e06facd547c",
        "solver/v2406/notes.md": "fdaa2ed17ee38cc69a3c0a78a2a1417b87ae1c8595885ab051c2bfbc2ee1a7db",
        "tests/fixtures/cavity_setup.sh": "bdb4ccc9473546660e21e63d1fdd6e3805a38a5288ca0fb22dd1bbb248048e1c",
        "tests/fixtures/empty.foam": "e3b0c44298fc1c149afbf4c8996fb92427ae41e4649b934ca495991b7852b855",
        "tests/fixtures/hello_foam.py": "2d05c0e7b2354d441c5d8a7345908b9deff03b2b228bf54811d0a335e2c1c1cb",
        "tests/test_driver.py": "170b098f45f822185cf012c41c00074aca1d69668717e79192e523a6253828c0"
      }
    },
    {
      "local_skill": "tool-foam-agent",
      "repository": "https://github.com/csml-rpi/Foam-Agent",
      "commit": "cfde3847be548e4264a1455dd77774794e00ee81",
      "source_path": ".",
      "license": "MIT",
      "retrieved_at": "2026-07-20",
      "reuse_mode": "vendored_tool_with_wrapper",
      "tree_hash": "e9fca51b59f568e880941634a016ab106885376b8cb7149cf269805a4382bcc5",
      "file_hashes": {
        ".claude/skills/foam.md": "d2bb5bad20721034b198ed2f4ad8e443c212878d2002daa5d09e48f704a52292",
        ".dockerignore": "e8a21e69378997f35471d1c3ce36773f2ffcd4fbfbef22030487bef4ac54280a",
        ".gitattributes": "903e4174eb9bc700f1fe8565e7be844802760219df76226028843634001833c1",
        ".gitignore": "2d334925d92d25c5aab51ac62db0a4d1bb9a51cca684564cf0eb92da3e1c64b5",
        "AGENTS.md": "380e69ce8141d0b3e50b88aed998d8458612e91160a445e6ab0bfce57b5585a2",
        "LICENSE": "e8b20121736f503d30beee3197be3463c77b61edf443d507c14c7dc699b9a9ca",
        "PR_DESCRIPTION.md": "c3d7f67790f902f63ff9e78e9bf7ab5c43db77129c3153a0282f82fa95cfd048",
        "README.md": "5145504c9095bd359aa7c83be6faa78d6bc57184556e531bd99a827631391f62",
        "app.py": "644599fbb1099beb93e567cc869ce7780bf02830210464e2a5c74c5892cc6469",
        "database/faiss/Qwen_Qwen3-Embedding-0.6B/openfoam_allrun_scripts/index.faiss": "348ae1d80777f8e81a108e214ca94a3f7f3ca2bc4cc3719352540bc38343c940",
        "database/faiss/Qwen_Qwen3-Embedding-0.6B/openfoam_allrun_scripts/index.pkl": "11ac8d43e82336aed791114e5700bcf27820cb46b938dd560c9dbc0e7db13491",
        "database/faiss/Qwen_Qwen3-Embedding-0.6B/openfoam_command_help/index.faiss": "a0c75058d6bcfcf4fbd1e7c78d304ce1a406d7e3aa7f807bc9f8f10188cea14a",
        "database/faiss/Qwen_Qwen3-Embedding-0.6B/openfoam_command_help/index.pkl": "34c479f92a11605ba747a0f8d781cb6ed6f1bdb263d55729e29f12d9499b4857",
        "database/faiss/Qwen_Qwen3-Embedding-0.6B/openfoam_tutorials_details/index.faiss": "9a842f5ab2c322f3501fb45d8e062ce60a0f5d73a0061863ef2f982f1973c23d",
        "database/faiss/Qwen_Qwen3-Embedding-0.6B/openfoam_tutorials_details/index.pkl": "8423d02bd7ed221772408fd3376cb6b65a8de0bc9b7c6fbfea6983becb6cd912",
        "database/faiss/Qwen_Qwen3-Embedding-0.6B/openfoam_tutorials_structure/index.faiss": "6e027ef656e8e3e9d67bafe3e79add868497a385a19d5c67f19f5ed309e05e23",
        "database/faiss/Qwen_Qwen3-Embedding-0.6B/openfoam_tutorials_structure/index.pkl": "01d1ed22734d6bf6063b38b224df006c71e209bd07294a1f566fc70d02a062b2",
        "database/faiss/Qwen_Qwen3-Embedding-8B/openfoam_allrun_scripts/index.faiss": "e4fb9ee783f1f562452ea04cd0ad71576ae91a6a73df80cd5df20ba47c59934b",
        "database/faiss/Qwen_Qwen3-Embedding-8B/openfoam_allrun_scripts/index.pkl": "a1bb2e8407516da4f5f1c8b7dcadeabc738ae93261c86f47e0d42d459619a97e",
        "database/faiss/Qwen_Qwen3-Embedding-8B/openfoam_command_help/index.faiss": "b05c9a9d0903b6a711e6e375a7149eea7f03f9e51bb0e76407779ff5aaacc67e",
        "database/faiss/Qwen_Qwen3-Embedding-8B/openfoam_command_help/index.pkl": "00ec8c436be6247801dfd4fbe351fcfc145a87b36f4a2aadb608c7c113040475",
        "database/faiss/Qwen_Qwen3-Embedding-8B/openfoam_tutorials_details/index.faiss": "d4ad4ca8ee44ee33e0262afa4d169694ddb687e9688c47b817021e3c1f9c0302",
        "database/faiss/Qwen_Qwen3-Embedding-8B/openfoam_tutorials_details/index.pkl": "fe4257f2d8f3c65cccbacfabcf86a73f4c44acb7e364f2078c516df73bc89125",
        "database/faiss/Qwen_Qwen3-Embedding-8B/openfoam_tutorials_structure/index.faiss": "04d275d7e3abb81aba33941700e4ba15916bc67d457bf02442272e4011485504",
        "database/faiss/Qwen_Qwen3-Embedding-8B/openfoam_tutorials_structure/index.pkl": "7d147a93fe083c6ac7faa731f9afcb2de456c864be95b88df8e429515f4f025a",
        "database/faiss/text-embedding-3-small/openfoam_allrun_scripts/index.faiss": "50607ef58199f3a669d57e195282048506f32c68052e626c84096e3261e9551c",
        "database/faiss/text-embedding-3-small/openfoam_allrun_scripts/index.pkl": "313fbc730ebd6910816c60d4f3646aa99148321bbe1122c43df8f7b469261673",
        "database/faiss/text-embedding-3-small/openfoam_command_help/index.faiss": "647dcad65f53e48c22a87b5e43d8804c51f3884d6af1afa229c86f23ccc9a6d8",
        "database/faiss/text-embedding-3-small/openfoam_command_help/index.pkl": "a997c3d3251f4bd7a8d03dc8bec95f5034cc7cb2cccefe9e8f7058f7d6bc1914",
        "database/faiss/text-embedding-3-small/openfoam_tutorials_details/index.faiss": "e8804185919f85e457960b77ce8f6308ae1382b3e923edd23d04841d801c55a5",
        "database/faiss/text-embedding-3-small/openfoam_tutorials_details/index.pkl": "6a26adc33fa2239565dde1b99c5ae21c67e97592188f7e587a7d3aedd626b4f4",
        "database/faiss/text-embedding-3-small/openfoam_tutorials_structure/index.faiss": "248ef0d8adaddd6e37ba0aebfffffc61a7b7a0157d373af44808ec77562cf6b7",
        "database/faiss/text-embedding-3-small/openfoam_tutorials_structure/index.pkl": "7b8c031f94838a0e4a4c2029ed26ae2e9c9bcdac87f6917ec6fee07b63d8a3d4",
        "database/foamgpt/data/.gitkeep": "e3b0c44298fc1c149afbf4c8996fb92427ae41e4649b934ca495991b7852b855",
        "database/foamgpt/foamgpt_data.py": "048a31c878fa7b20bd7d83ced95f90be54fb27465bf345bc8a6cf563384c6857",
        "database/foamgpt/foamgpt_gen.py": "86ec64e4ea141ee28abeb4596fd4cc1a2d2826b40a456a4b4f87032de33b9ffc",
        "database/foamgpt/foamgpt_huggingface.py": "c0e8358ea31330fd0071cf5fbba8ee5a3d315cafdd59447860964530220eefad",
        "database/foamgpt/foamgpt_openai.py": "e368152b6b829495a34861918bc138b33e43a7b7bb35072a4c2319e8b9f147cf",
        "database/foamgpt/foamgpt_parser.py": "a3419d48040aa0a666db94597686c2c4051743e9955be376fd0473f4812796a4",
        "database/raw/openfoam_allrun_scripts.txt": "1ca3e1104ffa00edbc091f8a5e0cbbe6f9b16477b6faddb04b7f22488a5c4b65",
        "database/raw/openfoam_case_stats.json": "d62ddef9187a0ba5f5749de380b73283657d975d50b438f7eeac41c8797b2522",
        "database/raw/openfoam_command_help.txt": "e27dd419029dbc5b319c1fd75bd2cc4a485dc3dc47a8665865b7c21dc30da866",
        "database/raw/openfoam_commands.txt": "c22feeaaa776f9d5e37cae578ebd457a8bc24d2831ada6ae746676530d17d3f4",
        "database/raw/openfoam_tutorials_details.txt": "979eef885f4aeff2da6f0fb34674eebe44d0f26398505a396cfadf6ba68a9148",
        "database/raw/openfoam_tutorials_structure.txt": "6de2173395cf12f98b61a5d54134badaad02162d0ed4fc0ca883d61544279d2a",
        "database/script/faiss_allrun_scripts.py": "cccd0c1ad7126ba28c71cfa6385d61c59209bf7f5fca5598fa0c250f66999e98",
        "database/script/faiss_command_help.py": "c5e5912c8c3a02a93e0e882ec3a9f4a8edf6f75103b53389f967e545046094ef",
        "database/script/faiss_tutorials_details.py": "c8d94ea2918b8b23de680b247a80b1aaebbc19cc86880f8791ef99ceda7576c6",
        "database/script/faiss_tutorials_structure.py": "6d5ad45860d7cb962ecbb3a17625be6f899412fc419fcd7b2053eafe0889d24b",
        "database/script/tutorial_parser.py": "fdc7f7a909b4ea5b232bf4328bb5c90767dd1aff564f739a97384d0eb48215f5",
        "docker/Dockerfile": "3c6bd72b1cbbfe66d933d75c79b6f551d00006c0d9b44928d7f975c5adf48d6a",
        "docker/foamagent-entrypoint.sh": "da1503ad0242718fb24ae449f0166b14c93716bf64994beb2eadc8e3f961ecee",
        "environment.yml": "2a864cc60aec3573eed2e32af118dfb1348a96c03c8f30c58fd431bd89a775ad",
        "foambench_main.py": "a4bf105d0f965a3a1e22e815bea86750910e4ef3ca37df6823862c5c5e1974fc",
        "init_database.py": "7ca3a05b6197b8f6d880113240b866244b1449e3112d0dee59b9228f68e96e15",
        "overview.png": "e0504ddf91e492a5b6f53f141a7a9f385a0e8dbf846e2ad565e892a9c95b1783",
        "pyproject.toml": "e29edaf35558a7e0b1c47db1562eb3208acbe2dea2d58bbada538ef966b53469",
        "runs/.gitkeep": "e3b0c44298fc1c149afbf4c8996fb92427ae41e4649b934ca495991b7852b855",
        "scripts/extract_v10_case.py": "b42cd7f7ff801414b7229ed45bc7429b270f5e64fb1894490cec7b4cd97534f3",
        "scripts/mock_sbatch.sh": "01c70a30dd725c8353e5e949c0da0212f0b58cbdc662b8b288f823050ce1022d",
        "scripts/run_esi_docker_verify.sh": "6f3b38b88edfe378d87ab8a4c9e79f2027e8a858546e8e3547605917b6667ef1",
        "scripts/verify_esi_translation.py": "afeb2bde6808242cceb0efdce2e549e243f968ded4786de467e109a585b9aa01",
        "src/__init__.py": "5b4b01368e146c27a82ad1205479a10df4d646f8f29576fb8e9c6db93d394cc9",
        "src/codex_instructions_default.txt": "f08198798a8ffa1bc446e89fdc104a01866cde981a2d68c5e13dd2e8cdae2e6c",
        "src/config.py": "208c9ce1203629673245c702564ce4a0f9c70f2e35549a3edfaf44ded0b636e6",
        "src/logger.py": "82e0e6b2affdf2832a8d01c3946d1034de9d721ee1db7834f28d2f66c194456a",
        "src/main.py": "e0d6c81958d08f09eb5e41206a6344502a25a5087e2c7a595f37ffad85294291",
        "src/mcp/README.md": "710ba0e1106b48eabbc28eeb96ad7e836eea0dcd4a0d718d9b713044be5153f6",
        "src/mcp/cli.py": "b3573c43eccaf6401bbffcff140bab2f80e43b648936c0ae23e4221a7264a707",
        "src/mcp/fastmcp_server.py": "0a0659cd5511ce8f6e0386a7d4b8ab0058892cc17bdcd40c70acfd7b88f9c918",
        "src/mcp/start_mcp.py": "3d8457792cdfb10991c9ae04462c1988191f343e388821b46e31c1b7933ad3c1",
        "src/models.py": "ab1f51210d3a17c84d6b04218d7ff49eb48d41695f8f25d3fef3a5c28430fc7f",
        "src/nodes/__init__.py": "125c6791e58e866a78dfd2005e6eaae01c819c169528d80df92a5aac456c0b19",
        "src/nodes/hpc_runner_node.py": "52e75a6e3be45d45b6539dbed9e00f9cdfff4fad7f72dcaefe2ee1523080a74b",
        "src/nodes/input_writer_node.py": "0b5ea59313ed8088d18e4dcc06b0dcbfffc7f5a8a09ca2e7fcee68be3799b323",
        "src/nodes/local_runner_node.py": "d01e9259e68d487e40e64a0726135bdc5ef8dbe0a35079eb37f534ccbf2150c6",
        "src/nodes/meshing_node.py": "5e4bd7bb7ebb92cb149badceeb1940999f898729ebc1835bb02bd6b484972ccc",
        "src/nodes/planner_node.py": "789e7baab77894482a5709f01869bd8bc8c7524e25dba3fc2c87b46048e50436",
        "src/nodes/reviewer_node.py": "5d2f69358012898e8211145edccf38aadabaacc8a553f053d02e7fce4f5b1816",
        "src/nodes/visualization_node.py": "22881e31cafd708fdf5e921bb13478bca2555c0c87d21f30fb9b91fd0b3f2fb3",
        "src/router_func.py": "1bf7e92e43b93c028291a5f370d57aa0c4475105ed79ddf317eb784fe721bf67",
        "src/services/__init__.py": "9ad897e92e18f807649122a169fdce5b448bc6ada93754770772b64c73f436e5",
        "src/services/input_writer.py": "99ec3dc20f34e308379a0680faf508f546edde81cd0fcc6bda0234d05a1c0ef8",
        "src/services/mesh.py": "b00b4d758c8d819cb24347d27aa8d0d3c1767f159790623db75f5b8707c1cf73",
        "src/services/plan.py": "ff6e5132102b8f371a9b337e6e1aeda6323fed4ec7701e49ccb3f84fe7be0920",
        "src/services/review.py": "c6a1f84467d650592a955f378eadceaa3ae12913a7c13bc105c7e8de95c00428",
        "src/services/run_hpc.py": "534b181ef2ee5ce913efd583c3485678485e3ad1d421ba6494778991bfc8deb0",
        "src/services/run_local.py": "2951991cbbd24b4b89959a90a1a3ae07de40344dccdb040732eea8db1ac57949",
        "src/services/visualization.py": "abb671da6db9feccda78eb4eec11705e126d1af5e3bfc90543a78582a5d863d4",
        "src/tracking_aws.py": "b4618533ed74ec543b286446a51a8bdd6905588798a1ac1a5e5fc9049cf607bb",
        "src/translation/__init__.py": "c6f8641d68743850d6cd869094d85d046962b761aee7e1c1b2f2b3bbaf972536",
        "src/translation/esi_translation_rules.json": "c59eb91928c5713fd385915511d666da3ae45f5b32d2abffcd7fa733a0a69d03",
        "src/translation/esi_translator.py": "0fc70906f592a6a09756a1b4dee5d6e56dba1d942cf6629a2086b6bbbe4cbda1",
        "src/utils.py": "3eeac3975d1ffcf3a23255625d5719cc2210d0ac3acc9d4a0eab178ec6eb1a0b",
        "tandem_wing.msh": "47875404bc0a4916421f2c16476db056c59e422eb28aa17056c68c0ee5d2e1c1",
        "tests/test_esi_translator.py": "7d4265e4ae8ea71ce35d7c0cc918c8cea2eb2e2796538729dcc2d296439f28ed",
        "tests/test_lid_driven_cavity_mcp.py": "56459702b197d37e7594693cda3d324f189c5de2cf2799354aef24f1f39c84ee",
        "tests/test_lid_driven_cavity_services.py": "b14d93611197841fe365760d05f58f6a19c55c057a42684fa3ccad2411750647",
        "user_req_tandem_wing.txt": "454254da0bd46d639e9a511cf175ace5088333db67362df7dfbf706bffa8ee84",
        "user_requirement.txt": "af1b18e6d0eaef42c651ddee51c8022542a79559ee76bc00a263061b0eb14610",
        "wechat_foamagent.JPG": "8a0a4d1ed31e85a51590a857e586806df3e9bdc9798bbe1714622fd72893bb12"
      }
    }
  ]
}
